
Microsoft Visual Studio Solution File, Format Version 12.00
# Visual Studio Version 17
VisualStudioVersion = 17.12.35514.174
MinimumVisualStudioVersion = 10.0.40219.1
Project("{FAE04EC0-301F-11D3-BF4B-00C04F79EFBC}") = "Chat.Domain", "Chat.Domain\Chat.Domain.csproj", "{B876BD1B-904B-40D7-8215-BD1501390278}"
EndProject
Project("{FAE04EC0-301F-11D3-BF4B-00C04F79EFBC}") = "Chat.Application", "Chat.Application\Chat.Application.csproj", "{466ADAA1-9375-4645-BE11-7B32B29D9143}"
EndProject
Project("{FAE04EC0-301F-11D3-BF4B-00C04F79EFBC}") = "Chat.Persistence", "Chat.Persistence\Chat.Persistence.csproj", "{D9049C77-4329-4ADC-A03D-C9A84BDF1758}"
EndProject
Project("{FAE04EC0-301F-11D3-BF4B-00C04F79EFBC}") = "Chat.Api", "Chat.Api\Chat.Api.csproj", "{CDF75487-341E-4C8F-80C1-9FC03C9918A6}"
EndProject
Project("{2150E333-8FDC-42A3-9474-1A3956D46DE8}") = "src", "src", "{814DA54F-63CC-4DA2-BDA7-4B8B7CE69605}"
EndProject
Project("{2150E333-8FDC-42A3-9474-1A3956D46DE8}") = "Api", "Api", "{C851B491-8A7E-4D00-A6CD-1191570E6B63}"
EndProject
Project("{2150E333-8FDC-42A3-9474-1A3956D46DE8}") = "Core", "Core", "{E3F08DDB-17B0-403F-96CC-B1B7C324DA44}"
EndProject
Project("{2150E333-8FDC-42A3-9474-1A3956D46DE8}") = "Infrastructure", "Infrastructure", "{D08C0E96-93B9-4AC6-9B4E-094D8737A7B8}"
EndProject
Project("{2150E333-8FDC-42A3-9474-1A3956D46DE8}") = "Ui", "Ui", "{E6A3F09E-3CFD-4971-B585-5558FD34B73A}"
EndProject
Project("{2150E333-8FDC-42A3-9474-1A3956D46DE8}") = "test", "test", "{311278A6-AB36-46A5-B250-C3397A01C651}"
EndProject
Project("{FAE04EC0-301F-11D3-BF4B-00C04F79EFBC}") = "Chat.Application.UnitTests", "Chat.Application.UnitTests\Chat.Application.UnitTests.csproj", "{F43F50A1-1E83-4DAD-B8B8-ED6405298390}"
EndProject
Project("{FAE04EC0-301F-11D3-BF4B-00C04F79EFBC}") = "Chat.Persistence.IntegrationTests", "Chat.Persistence.IntegrationTests\Chat.Persistence.IntegrationTests.csproj", "{7C6B0AC0-5115-42C1-BE86-E1C17F3935E0}"
EndProject
Project("{FAE04EC0-301F-11D3-BF4B-00C04F79EFBC}") = "Chat.Identity", "Chat.Identity\Chat.Identity.csproj", "{ACC3F095-A174-455A-8DD8-FED6792EFF01}"
EndProject
Project("{FAE04EC0-301F-11D3-BF4B-00C04F79EFBC}") = "Chat.App", "Chat.App\Chat.App.csproj", "{A8EA45D3-9A86-4931-B9BD-EE09D9F9FF39}"
EndProject
Global
	GlobalSection(SolutionConfigurationPlatforms) = preSolution
		Debug|Any CPU = Debug|Any CPU
		Release|Any CPU = Release|Any CPU
	EndGlobalSection
	GlobalSection(ProjectConfigurationPlatforms) = postSolution
		{B876BD1B-904B-40D7-8215-BD1501390278}.Debug|Any CPU.ActiveCfg = Debug|Any CPU
		{B876BD1B-904B-40D7-8215-BD1501390278}.Debug|Any CPU.Build.0 = Debug|Any CPU
		{B876BD1B-904B-40D7-8215-BD1501390278}.Release|Any CPU.ActiveCfg = Release|Any CPU
		{B876BD1B-904B-40D7-8215-BD1501390278}.Release|Any CPU.Build.0 = Release|Any CPU
		{466ADAA1-9375-4645-BE11-7B32B29D9143}.Debug|Any CPU.ActiveCfg = Debug|Any CPU
		{466ADAA1-9375-4645-BE11-7B32B29D9143}.Debug|Any CPU.Build.0 = Debug|Any CPU
		{466ADAA1-9375-4645-BE11-7B32B29D9143}.Release|Any CPU.ActiveCfg = Release|Any CPU
		{466ADAA1-9375-4645-BE11-7B32B29D9143}.Release|Any CPU.Build.0 = Release|Any CPU
		{D9049C77-4329-4ADC-A03D-C9A84BDF1758}.Debug|Any CPU.ActiveCfg = Debug|Any CPU
		{D9049C77-4329-4ADC-A03D-C9A84BDF1758}.Debug|Any CPU.Build.0 = Debug|Any CPU
		{D9049C77-4329-4ADC-A03D-C9A84BDF1758}.Release|Any CPU.ActiveCfg = Release|Any CPU
		{D9049C77-4329-4ADC-A03D-C9A84BDF1758}.Release|Any CPU.Build.0 = Release|Any CPU
		{CDF75487-341E-4C8F-80C1-9FC03C9918A6}.Debug|Any CPU.ActiveCfg = Debug|Any CPU
		{CDF75487-341E-4C8F-80C1-9FC03C9918A6}.Debug|Any CPU.Build.0 = Debug|Any CPU
		{CDF75487-341E-4C8F-80C1-9FC03C9918A6}.Release|Any CPU.ActiveCfg = Release|Any CPU
		{CDF75487-341E-4C8F-80C1-9FC03C9918A6}.Release|Any CPU.Build.0 = Release|Any CPU
		{F43F50A1-1E83-4DAD-B8B8-ED6405298390}.Debug|Any CPU.ActiveCfg = Debug|Any CPU
		{F43F50A1-1E83-4DAD-B8B8-ED6405298390}.Debug|Any CPU.Build.0 = Debug|Any CPU
		{F43F50A1-1E83-4DAD-B8B8-ED6405298390}.Release|Any CPU.ActiveCfg = Release|Any CPU
		{F43F50A1-1E83-4DAD-B8B8-ED6405298390}.Release|Any CPU.Build.0 = Release|Any CPU
		{7C6B0AC0-5115-42C1-BE86-E1C17F3935E0}.Debug|Any CPU.ActiveCfg = Debug|Any CPU
		{7C6B0AC0-5115-42C1-BE86-E1C17F3935E0}.Debug|Any CPU.Build.0 = Debug|Any CPU
		{7C6B0AC0-5115-42C1-BE86-E1C17F3935E0}.Release|Any CPU.ActiveCfg = Release|Any CPU
		{7C6B0AC0-5115-42C1-BE86-E1C17F3935E0}.Release|Any CPU.Build.0 = Release|Any CPU
		{ACC3F095-A174-455A-8DD8-FED6792EFF01}.Debug|Any CPU.ActiveCfg = Debug|Any CPU
		{ACC3F095-A174-455A-8DD8-FED6792EFF01}.Debug|Any CPU.Build.0 = Debug|Any CPU
		{ACC3F095-A174-455A-8DD8-FED6792EFF01}.Release|Any CPU.ActiveCfg = Release|Any CPU
		{ACC3F095-A174-455A-8DD8-FED6792EFF01}.Release|Any CPU.Build.0 = Release|Any CPU
		{A8EA45D3-9A86-4931-B9BD-EE09D9F9FF39}.Debug|Any CPU.ActiveCfg = Debug|Any CPU
		{A8EA45D3-9A86-4931-B9BD-EE09D9F9FF39}.Debug|Any CPU.Build.0 = Debug|Any CPU
		{A8EA45D3-9A86-4931-B9BD-EE09D9F9FF39}.Release|Any CPU.ActiveCfg = Release|Any CPU
		{A8EA45D3-9A86-4931-B9BD-EE09D9F9FF39}.Release|Any CPU.Build.0 = Release|Any CPU
	EndGlobalSection
	GlobalSection(SolutionProperties) = preSolution
		HideSolutionNode = FALSE
	EndGlobalSection
	GlobalSection(NestedProjects) = preSolution
		{B876BD1B-904B-40D7-8215-BD1501390278} = {E3F08DDB-17B0-403F-96CC-B1B7C324DA44}
		{466ADAA1-9375-4645-BE11-7B32B29D9143} = {E3F08DDB-17B0-403F-96CC-B1B7C324DA44}
		{D9049C77-4329-4ADC-A03D-C9A84BDF1758} = {D08C0E96-93B9-4AC6-9B4E-094D8737A7B8}
		{CDF75487-341E-4C8F-80C1-9FC03C9918A6} = {C851B491-8A7E-4D00-A6CD-1191570E6B63}
		{C851B491-8A7E-4D00-A6CD-1191570E6B63} = {814DA54F-63CC-4DA2-BDA7-4B8B7CE69605}
		{E3F08DDB-17B0-403F-96CC-B1B7C324DA44} = {814DA54F-63CC-4DA2-BDA7-4B8B7CE69605}
		{D08C0E96-93B9-4AC6-9B4E-094D8737A7B8} = {814DA54F-63CC-4DA2-BDA7-4B8B7CE69605}
		{E6A3F09E-3CFD-4971-B585-5558FD34B73A} = {814DA54F-63CC-4DA2-BDA7-4B8B7CE69605}
		{F43F50A1-1E83-4DAD-B8B8-ED6405298390} = {311278A6-AB36-46A5-B250-C3397A01C651}
		{7C6B0AC0-5115-42C1-BE86-E1C17F3935E0} = {311278A6-AB36-46A5-B250-C3397A01C651}
		{ACC3F095-A174-455A-8DD8-FED6792EFF01} = {D08C0E96-93B9-4AC6-9B4E-094D8737A7B8}
		{A8EA45D3-9A86-4931-B9BD-EE09D9F9FF39} = {E6A3F09E-3CFD-4971-B585-5558FD34B73A}
	EndGlobalSection
	GlobalSection(ExtensibilityGlobals) = postSolution
		SolutionGuid = {7E512497-FF24-493D-8802-D2E21B22E406}
	EndGlobalSection
EndGlobal
